
Microsoft Visual Studio Solution File, Format Version 12.00
# Visual Studio Version 16
VisualStudioVersion = 25.0.1700.4
MinimumVisualStudioVersion = 10.0.40219.1
Project("{FAE04EC0-301F-11D3-BF4B-00C04F79EFBC}") = "CRM-BETON", "CRM-BETON\CRM-BETON.csproj", "{4BA1E94B-6064-43B4-B7B9-957128198C21}"
EndProject
Global
	GlobalSection(SolutionConfigurationPlatforms) = preSolution
		Debug|Any CPU = Debug|Any CPU
		Release|Any CPU = Release|Any CPU
	EndGlobalSection
	GlobalSection(ProjectConfigurationPlatforms) = postSolution
		{4BA1E94B-6064-43B4-B7B9-957128198C21}.Debug|Any CPU.ActiveCfg = Debug|Any CPU
		{4BA1E94B-6064-43B4-B7B9-957128198C21}.Debug|Any CPU.Build.0 = Debug|Any CPU
		{4BA1E94B-6064-43B4-B7B9-957128198C21}.Release|Any CPU.ActiveCfg = Release|Any CPU
		{4BA1E94B-6064-43B4-B7B9-957128198C21}.Release|Any CPU.Build.0 = Release|Any CPU
	EndGlobalSection
	GlobalSection(SolutionProperties) = preSolution
		HideSolutionNode = FALSE
	EndGlobalSection
	GlobalSection(ExtensibilityGlobals) = postSolution
		SolutionGuid = {9B8B9CD1-F1F6-4223-94A8-1002049AFBC5}
	EndGlobalSection
EndGlobal
